
Microsoft Visual Studio Solution File, Format Version 12.00
# Visual Studio Version 17
VisualStudioVersion = 17.5.33502.453
MinimumVisualStudioVersion = 10.0.40219.1
Project("{FAE04EC0-301F-11D3-BF4B-00C04F79EFBC}") = "FirstApplication.ConsoleApp", "ConsoleApp2\FirstApplication.ConsoleApp.csproj", "{80129187-D32D-4658-9AD2-87D8BBDE96EA}"
EndProject
Global
	GlobalSection(SolutionConfigurationPlatforms) = preSolution
		Debug|Any CPU = Debug|Any CPU
		Release|Any CPU = Release|Any CPU
	EndGlobalSection
	GlobalSection(ProjectConfigurationPlatforms) = postSolution
		{80129187-D32D-4658-9AD2-87D8BBDE96EA}.Debug|Any CPU.ActiveCfg = Debug|Any CPU
		{80129187-D32D-4658-9AD2-87D8BBDE96EA}.Debug|Any CPU.Build.0 = Debug|Any CPU
		{80129187-D32D-4658-9AD2-87D8BBDE96EA}.Release|Any CPU.ActiveCfg = Release|Any CPU
		{80129187-D32D-4658-9AD2-87D8BBDE96EA}.Release|Any CPU.Build.0 = Release|Any CPU
	EndGlobalSection
	GlobalSection(SolutionProperties) = preSolution
		HideSolutionNode = FALSE
	EndGlobalSection
	GlobalSection(ExtensibilityGlobals) = postSolution
		SolutionGuid = {D1191452-33B9-4C33-8217-BB61A6F852D2}
	EndGlobalSection
EndGlobal
